
Microsoft Visual Studio Solution File, Format Version 12.00
Project("{FAE04EC0-301F-11D3-BF4B-00C04F79EFBC}") = "ProyectoADSASP", "ProyectoADSASP\ProyectoADSASP.csproj", "{501B4EDD-9E67-486D-8A8C-0B3CC9C6F48F}"
EndProject
Global
	GlobalSection(SolutionConfigurationPlatforms) = preSolution
		Debug|Any CPU = Debug|Any CPU
		Release|Any CPU = Release|Any CPU
	EndGlobalSection
	GlobalSection(ProjectConfigurationPlatforms) = postSolution
		{501B4EDD-9E67-486D-8A8C-0B3CC9C6F48F}.Debug|Any CPU.ActiveCfg = Debug|Any CPU
		{501B4EDD-9E67-486D-8A8C-0B3CC9C6F48F}.Debug|Any CPU.Build.0 = Debug|Any CPU
		{501B4EDD-9E67-486D-8A8C-0B3CC9C6F48F}.Release|Any CPU.ActiveCfg = Release|Any CPU
		{501B4EDD-9E67-486D-8A8C-0B3CC9C6F48F}.Release|Any CPU.Build.0 = Release|Any CPU
	EndGlobalSection
EndGlobal
